{
	"name": "gooi",
	"version": "2.1.0",
	"lockfileVersion": 1,
	"requires": true,
	"dependencies": {
		"buffer-crc32": {
			"version": "0.2.13",
			"resolved": "https://registry.npmjs.org/buffer-crc32/-/buffer-crc32-0.2.13.tgz",
			"integrity": "sha1-DTM+PwDqxQqhRUq9MO+MKl2ackI="
		},
		"to-clipboard": {
			"version": "0.4.0",
			"resolved": "https://registry.npmjs.org/to-clipboard/-/to-clipboard-0.4.0.tgz",
			"integrity": "sha1-pSpX+KTVZlVK8LKz++KUM6tH2oI="
		},
		"yazl": {
			"version": "2.5.1",
			"resolved": "https://registry.npmjs.org/yazl/-/yazl-2.5.1.tgz",
			"integrity": "sha512-phENi2PLiHnHb6QBVot+dJnaAZ0xosj7p3fWl+znIjBDlnMI2PsZCJZ306BPTFOaHf5qdDEI8x5qFrSOBN5vrw==",
			"requires": {
				"buffer-crc32": "~0.2.3"
			}
		}
	}
}
